// !$*UTF8*$!
{
	archiveVersion = 1;
	classes = {
	};
	objectVersion = 46;
	objects = {

/* Begin PBXBuildFile section */
		AA18E3121AB989C900366168 /* Cities.plist in Resources */ = {isa = PBXBuildFile; fileRef = AA18E3111AB989C900366168 /* Cities.plist */; };
		AA18E31A1AB9C8AA00366168 /* DetailedViewController.m in Sources */ = {isa = PBXBuildFile; fileRef = AA18E3151AB9C8AA00366168 /* DetailedViewController.m */; };
		AA18E31B1AB9C8AA00366168 /* MainViewController.m in Sources */ = {isa = PBXBuildFile; fileRef = AA18E3181AB9C8AA00366168 /* MainViewController.m */; };
		AA18E31E1AB9C94D00366168 /* SelectCitiesViewController.m in Sources */ = {isa = PBXBuildFile; fileRef = AA18E31D1AB9C94D00366168 /* SelectCitiesViewController.m */; };
		AA396AFD1AB02DFE00A8757F /* main.m in Sources */ = {isa = PBXBuildFile; fileRef = AA396AFC1AB02DFE00A8757F /* main.m */; };
		AA396B171AB02DFE00A8757F /* CloudKit_demoTests.m in Sources */ = {isa = PBXBuildFile; fileRef = AA396B161AB02DFE00A8757F /* CloudKit_demoTests.m */; };
		AA50808E1ABAE294005F05AC /* Dubai.png in Resources */ = {isa = PBXBuildFile; fileRef = AA5080891ABAE294005F05AC /* Dubai.png */; };
		AA50808F1ABAE294005F05AC /* London.png in Resources */ = {isa = PBXBuildFile; fileRef = AA50808A1ABAE294005F05AC /* London.png */; };
		AA5080901ABAE294005F05AC /* NewYork.png in Resources */ = {isa = PBXBuildFile; fileRef = AA50808B1ABAE294005F05AC /* NewYork.png */; };
		AA5080911ABAE294005F05AC /* SanFrancisco.png in Resources */ = {isa = PBXBuildFile; fileRef = AA50808C1ABAE294005F05AC /* SanFrancisco.png */; };
		AA5080921ABAE294005F05AC /* Singapore.png in Resources */ = {isa = PBXBuildFile; fileRef = AA50808D1ABAE294005F05AC /* Singapore.png */; };
		AA59A0AF1ABAE66700FAACB5 /* Images.xcassets in Resources */ = {isa = PBXBuildFile; fileRef = AA59A0AE1ABAE66700FAACB5 /* Images.xcassets */; };
		AA60520E1AB9FC4300130577 /* CloudKit.framework in Frameworks */ = {isa = PBXBuildFile; fileRef = AA60520D1AB9FC4300130577 /* CloudKit.framework */; };
		AACCE7761AB70FAA00B27DEC /* LaunchScreen.xib in Resources */ = {isa = PBXBuildFile; fileRef = AACCE7731AB70FAA00B27DEC /* LaunchScreen.xib */; };
		AACCE7771AB70FAA00B27DEC /* Main.storyboard in Resources */ = {isa = PBXBuildFile; fileRef = AACCE7741AB70FAA00B27DEC /* Main.storyboard */; };
		AACCE77D1AB70FF600B27DEC /* AppDelegate.m in Sources */ = {isa = PBXBuildFile; fileRef = AACCE77A1AB70FF600B27DEC /* AppDelegate.m */; };
		AACCE7861AB72A4F00B27DEC /* CloudKitManager.m in Sources */ = {isa = PBXBuildFile; fileRef = AACCE7851AB72A4F00B27DEC /* CloudKitManager.m */; };
		AACCE78A1AB72D8800B27DEC /* City.m in Sources */ = {isa = PBXBuildFile; fileRef = AACCE7891AB72D8800B27DEC /* City.m */; };
		AACCE78F1AB752B400B27DEC /* CityTableViewCell.m in Sources */ = {isa = PBXBuildFile; fileRef = AACCE78D1AB752B400B27DEC /* CityTableViewCell.m */; };
		AACCE7901AB752B400B27DEC /* CityTableViewCell.xib in Resources */ = {isa = PBXBuildFile; fileRef = AACCE78E1AB752B400B27DEC /* CityTableViewCell.xib */; };
/* End PBXBuildFile section */

/* Begin PBXContainerItemProxy section */
		AA396B111AB02DFE00A8757F /* PBXContainerItemProxy */ = {
			isa = PBXContainerItemProxy;
			containerPortal = AA396AEF1AB02DFE00A8757F /* Project object */;
			proxyType = 1;
			remoteGlobalIDString = AA396AF61AB02DFE00A8757F;
			remoteInfo = "CloudKit-demo";
		};
/* End PBXContainerItemProxy section */

/* Begin PBXFileReference section */
		AA18E3111AB989C900366168 /* Cities.plist */ = {isa = PBXFileReference; fileEncoding = 4; lastKnownFileType = text.plist.xml; path = Cities.plist; sourceTree = "<group>"; };
		AA18E3141AB9C8AA00366168 /* DetailedViewController.h */ = {isa = PBXFileReference; fileEncoding = 4; lastKnownFileType = sourcecode.c.h; path = DetailedViewController.h; sourceTree = "<group>"; };
		AA18E3151AB9C8AA00366168 /* DetailedViewController.m */ = {isa = PBXFileReference; fileEncoding = 4; lastKnownFileType = sourcecode.c.objc; path = DetailedViewController.m; sourceTree = "<group>"; };
		AA18E3171AB9C8AA00366168 /* MainViewController.h */ = {isa = PBXFileReference; fileEncoding = 4; lastKnownFileType = sourcecode.c.h; path = MainViewController.h; sourceTree = "<group>"; };
		AA18E3181AB9C8AA00366168 /* MainViewController.m */ = {isa = PBXFileReference; fileEncoding = 4; lastKnownFileType = sourcecode.c.objc; path = MainViewController.m; sourceTree = "<group>"; };
		AA18E31C1AB9C94D00366168 /* SelectCitiesViewController.h */ = {isa = PBXFileReference; fileEncoding = 4; lastKnownFileType = sourcecode.c.h; path = SelectCitiesViewController.h; sourceTree = "<group>"; };
		AA18E31D1AB9C94D00366168 /* SelectCitiesViewController.m */ = {isa = PBXFileReference; fileEncoding = 4; lastKnownFileType = sourcecode.c.objc; path = SelectCitiesViewController.m; sourceTree = "<group>"; };
		AA396AF71AB02DFE00A8757F /* CloudKit-demo.app */ = {isa = PBXFileReference; explicitFileType = wrapper.application; includeInIndex = 0; path = "CloudKit-demo.app"; sourceTree = BUILT_PRODUCTS_DIR; };
		AA396AFB1AB02DFE00A8757F /* Info.plist */ = {isa = PBXFileReference; lastKnownFileType = text.plist.xml; path = Info.plist; sourceTree = "<group>"; };
		AA396AFC1AB02DFE00A8757F /* main.m */ = {isa = PBXFileReference; lastKnownFileType = sourcecode.c.objc; path = main.m; sourceTree = "<group>"; };
		AA396B101AB02DFE00A8757F /* CloudKit-demoTests.xctest */ = {isa = PBXFileReference; explicitFileType = wrapper.cfbundle; includeInIndex = 0; path = "CloudKit-demoTests.xctest"; sourceTree = BUILT_PRODUCTS_DIR; };
		AA396B151AB02DFE00A8757F /* Info.plist */ = {isa = PBXFileReference; lastKnownFileType = text.plist.xml; path = Info.plist; sourceTree = "<group>"; };
		AA396B161AB02DFE00A8757F /* CloudKit_demoTests.m */ = {isa = PBXFileReference; lastKnownFileType = sourcecode.c.objc; path = CloudKit_demoTests.m; sourceTree = "<group>"; };
		AA396B201AB0360F00A8757F /* CloudKit-demo.entitlements */ = {isa = PBXFileReference; lastKnownFileType = text.xml; path = "CloudKit-demo.entitlements"; sourceTree = "<group>"; };
		AA5080891ABAE294005F05AC /* Dubai.png */ = {isa = PBXFileReference; lastKnownFileType = image.png; path = Dubai.png; sourceTree = "<group>"; };
		AA50808A1ABAE294005F05AC /* London.png */ = {isa = PBXFileReference; lastKnownFileType = image.png; path = London.png; sourceTree = "<group>"; };
		AA50808B1ABAE294005F05AC /* NewYork.png */ = {isa = PBXFileReference; lastKnownFileType = image.png; path = NewYork.png; sourceTree = "<group>"; };
		AA50808C1ABAE294005F05AC /* SanFrancisco.png */ = {isa = PBXFileReference; lastKnownFileType = image.png; path = SanFrancisco.png; sourceTree = "<group>"; };
		AA50808D1ABAE294005F05AC /* Singapore.png */ = {isa = PBXFileReference; lastKnownFileType = image.png; path = Singapore.png; sourceTree = "<group>"; };
		AA59A0AE1ABAE66700FAACB5 /* Images.xcassets */ = {isa = PBXFileReference; lastKnownFileType = folder.assetcatalog; path = Images.xcassets; sourceTree = "<group>"; };
		AA60520D1AB9FC4300130577 /* CloudKit.framework */ = {isa = PBXFileReference; lastKnownFileType = wrapper.framework; name = CloudKit.framework; path = System/Library/Frameworks/CloudKit.framework; sourceTree = SDKROOT; };
		AACCE7731AB70FAA00B27DEC /* LaunchScreen.xib */ = {isa = PBXFileReference; fileEncoding = 4; lastKnownFileType = file.xib; path = LaunchScreen.xib; sourceTree = "<group>"; };
		AACCE7741AB70FAA00B27DEC /* Main.storyboard */ = {isa = PBXFileReference; fileEncoding = 4; lastKnownFileType = file.storyboard; path = Main.storyboard; sourceTree = "<group>"; };
		AACCE7791AB70FF600B27DEC /* AppDelegate.h */ = {isa = PBXFileReference; fileEncoding = 4; lastKnownFileType = sourcecode.c.h; path = AppDelegate.h; sourceTree = "<group>"; };
		AACCE77A1AB70FF600B27DEC /* AppDelegate.m */ = {isa = PBXFileReference; fileEncoding = 4; lastKnownFileType = sourcecode.c.objc; path = AppDelegate.m; sourceTree = "<group>"; };
		AACCE7841AB72A4F00B27DEC /* CloudKitManager.h */ = {isa = PBXFileReference; fileEncoding = 4; lastKnownFileType = sourcecode.c.h; path = CloudKitManager.h; sourceTree = "<group>"; };
		AACCE7851AB72A4F00B27DEC /* CloudKitManager.m */ = {isa = PBXFileReference; fileEncoding = 4; lastKnownFileType = sourcecode.c.objc; path = CloudKitManager.m; sourceTree = "<group>"; };
		AACCE7881AB72D8800B27DEC /* City.h */ = {isa = PBXFileReference; fileEncoding = 4; lastKnownFileType = sourcecode.c.h; path = City.h; sourceTree = "<group>"; };
		AACCE7891AB72D8800B27DEC /* City.m */ = {isa = PBXFileReference; fileEncoding = 4; lastKnownFileType = sourcecode.c.objc; path = City.m; sourceTree = "<group>"; };
		AACCE78C1AB752B400B27DEC /* CityTableViewCell.h */ = {isa = PBXFileReference; fileEncoding = 4; lastKnownFileType = sourcecode.c.h; path = CityTableViewCell.h; sourceTree = "<group>"; };
		AACCE78D1AB752B400B27DEC /* CityTableViewCell.m */ = {isa = PBXFileReference; fileEncoding = 4; lastKnownFileType = sourcecode.c.objc; path = CityTableViewCell.m; sourceTree = "<group>"; };
		AACCE78E1AB752B400B27DEC /* CityTableViewCell.xib */ = {isa = PBXFileReference; fileEncoding = 4; lastKnownFileType = file.xib; path = CityTableViewCell.xib; sourceTree = "<group>"; };
/* End PBXFileReference section */

/* Begin PBXFrameworksBuildPhase section */
		AA396AF41AB02DFE00A8757F /* Frameworks */ = {
			isa = PBXFrameworksBuildPhase;
			buildActionMask = 2147483647;
			files = (
				AA60520E1AB9FC4300130577 /* CloudKit.framework in Frameworks */,
			);
			runOnlyForDeploymentPostprocessing = 0;
		};
		AA396B0D1AB02DFE00A8757F /* Frameworks */ = {
			isa = PBXFrameworksBuildPhase;
			buildActionMask = 2147483647;
			files = (
			);
			runOnlyForDeploymentPostprocessing = 0;
		};
/* End PBXFrameworksBuildPhase section */

/* Begin PBXGroup section */
		AA18E3131AB9C8AA00366168 /* Detailed */ = {
			isa = PBXGroup;
			children = (
				AA18E3141AB9C8AA00366168 /* DetailedViewController.h */,
				AA18E3151AB9C8AA00366168 /* DetailedViewController.m */,
			);
			path = Detailed;
			sourceTree = "<group>";
		};
		AA18E3161AB9C8AA00366168 /* Main */ = {
			isa = PBXGroup;
			children = (
				AA18E3171AB9C8AA00366168 /* MainViewController.h */,
				AA18E3181AB9C8AA00366168 /* MainViewController.m */,
			);
			path = Main;
			sourceTree = "<group>";
		};
		AA18E3191AB9C8AA00366168 /* SelectCities */ = {
			isa = PBXGroup;
			children = (
				AA18E31C1AB9C94D00366168 /* SelectCitiesViewController.h */,
				AA18E31D1AB9C94D00366168 /* SelectCitiesViewController.m */,
			);
			path = SelectCities;
			sourceTree = "<group>";
		};
		AA396AEE1AB02DFE00A8757F = {
			isa = PBXGroup;
			children = (
				AA396AF91AB02DFE00A8757F /* CloudKit-demo */,
				AA396B131AB02DFE00A8757F /* CloudKit-demoTests */,
				AA396AF81AB02DFE00A8757F /* Products */,
			);
			sourceTree = "<group>";
		};
		AA396AF81AB02DFE00A8757F /* Products */ = {
			isa = PBXGroup;
			children = (
				AA396AF71AB02DFE00A8757F /* CloudKit-demo.app */,
				AA396B101AB02DFE00A8757F /* CloudKit-demoTests.xctest */,
			);
			name = Products;
			sourceTree = "<group>";
		};
		AA396AF91AB02DFE00A8757F /* CloudKit-demo */ = {
			isa = PBXGroup;
			children = (
				AACCE7781AB70FF600B27DEC /* Classes */,
				AACCE76F1AB70F5200B27DEC /* Frameworks */,
				AA396B201AB0360F00A8757F /* CloudKit-demo.entitlements */,
				AACCE7711AB70FAA00B27DEC /* Resources */,
				AA396AFA1AB02DFE00A8757F /* Supporting Files */,
			);
			path = "CloudKit-demo";
			sourceTree = "<group>";
		};
		AA396AFA1AB02DFE00A8757F /* Supporting Files */ = {
			isa = PBXGroup;
			children = (
				AA396AFB1AB02DFE00A8757F /* Info.plist */,
				AA396AFC1AB02DFE00A8757F /* main.m */,
			);
			name = "Supporting Files";
			sourceTree = "<group>";
		};
		AA396B131AB02DFE00A8757F /* CloudKit-demoTests */ = {
			isa = PBXGroup;
			children = (
				AA396B161AB02DFE00A8757F /* CloudKit_demoTests.m */,
				AA396B141AB02DFE00A8757F /* Supporting Files */,
			);
			path = "CloudKit-demoTests";
			sourceTree = "<group>";
		};
		AA396B141AB02DFE00A8757F /* Supporting Files */ = {
			isa = PBXGroup;
			children = (
				AA396B151AB02DFE00A8757F /* Info.plist */,
			);
			name = "Supporting Files";
			sourceTree = "<group>";
		};
		AA5080881ABAE294005F05AC /* CitiesImages */ = {
			isa = PBXGroup;
			children = (
				AA5080891ABAE294005F05AC /* Dubai.png */,
				AA50808A1ABAE294005F05AC /* London.png */,
				AA50808B1ABAE294005F05AC /* NewYork.png */,
				AA50808C1ABAE294005F05AC /* SanFrancisco.png */,
				AA50808D1ABAE294005F05AC /* Singapore.png */,
			);
			path = CitiesImages;
			sourceTree = "<group>";
		};
		AACCE76F1AB70F5200B27DEC /* Frameworks */ = {
			isa = PBXGroup;
			children = (
				AA60520D1AB9FC4300130577 /* CloudKit.framework */,
			);
			path = Frameworks;
			sourceTree = "<group>";
		};
		AACCE7711AB70FAA00B27DEC /* Resources */ = {
			isa = PBXGroup;
			children = (
				AA59A0AE1ABAE66700FAACB5 /* Images.xcassets */,
				AA5080881ABAE294005F05AC /* CitiesImages */,
				AACCE7731AB70FAA00B27DEC /* LaunchScreen.xib */,
				AACCE7741AB70FAA00B27DEC /* Main.storyboard */,
				AA18E3111AB989C900366168 /* Cities.plist */,
			);
			path = Resources;
			sourceTree = "<group>";
		};
		AACCE7781AB70FF600B27DEC /* Classes */ = {
			isa = PBXGroup;
			children = (
				AACCE78B1AB750A400B27DEC /* Views */,
				AACCE7871AB72D7800B27DEC /* Models */,
				AACCE77F1AB72A2D00B27DEC /* Managers */,
				AACCE7801AB72A2D00B27DEC /* ViewControllers */,
				AACCE7791AB70FF600B27DEC /* AppDelegate.h */,
				AACCE77A1AB70FF600B27DEC /* AppDelegate.m */,
			);
			path = Classes;
			sourceTree = "<group>";
		};
		AACCE77F1AB72A2D00B27DEC /* Managers */ = {
			isa = PBXGroup;
			children = (
				AACCE7841AB72A4F00B27DEC /* CloudKitManager.h */,
				AACCE7851AB72A4F00B27DEC /* CloudKitManager.m */,
			);
			path = Managers;
			sourceTree = "<group>";
		};
		AACCE7801AB72A2D00B27DEC /* ViewControllers */ = {
			isa = PBXGroup;
			children = (
				AA18E3131AB9C8AA00366168 /* Detailed */,
				AA18E3161AB9C8AA00366168 /* Main */,
				AA18E3191AB9C8AA00366168 /* SelectCities */,
			);
			path = ViewControllers;
			sourceTree = "<group>";
		};
		AACCE7871AB72D7800B27DEC /* Models */ = {
			isa = PBXGroup;
			children = (
				AACCE7881AB72D8800B27DEC /* City.h */,
				AACCE7891AB72D8800B27DEC /* City.m */,
			);
			path = Models;
			sourceTree = "<group>";
		};
		AACCE78B1AB750A400B27DEC /* Views */ = {
			isa = PBXGroup;
			children = (
				AACCE78C1AB752B400B27DEC /* CityTableViewCell.h */,
				AACCE78D1AB752B400B27DEC /* CityTableViewCell.m */,
				AACCE78E1AB752B400B27DEC /* CityTableViewCell.xib */,
			);
			path = Views;
			sourceTree = "<group>";
		};
/* End PBXGroup section */

/* Begin PBXNativeTarget section */
		AA396AF61AB02DFE00A8757F /* CloudKit-demo */ = {
			isa = PBXNativeTarget;
			buildConfigurationList = AA396B1A1AB02DFE00A8757F /* Build configuration list for PBXNativeTarget "CloudKit-demo" */;
			buildPhases = (
				AA396AF31AB02DFE00A8757F /* Sources */,
				AA396AF41AB02DFE00A8757F /* Frameworks */,
				AA396AF51AB02DFE00A8757F /* Resources */,
			);
			buildRules = (
			);
			dependencies = (
			);
			name = "CloudKit-demo";
			productName = "CloudKit-demo";
			productReference = AA396AF71AB02DFE00A8757F /* CloudKit-demo.app */;
			productType = "com.apple.product-type.application";
		};
		AA396B0F1AB02DFE00A8757F /* CloudKit-demoTests */ = {
			isa = PBXNativeTarget;
			buildConfigurationList = AA396B1D1AB02DFE00A8757F /* Build configuration list for PBXNativeTarget "CloudKit-demoTests" */;
			buildPhases = (
				AA396B0C1AB02DFE00A8757F /* Sources */,
				AA396B0D1AB02DFE00A8757F /* Frameworks */,
				AA396B0E1AB02DFE00A8757F /* Resources */,
			);
			buildRules = (
			);
			dependencies = (
				AA396B121AB02DFE00A8757F /* PBXTargetDependency */,
			);
			name = "CloudKit-demoTests";
			productName = "CloudKit-demoTests";
			productReference = AA396B101AB02DFE00A8757F /* CloudKit-demoTests.xctest */;
			productType = "com.apple.product-type.bundle.unit-test";
		};
/* End PBXNativeTarget section */

/* Begin PBXProject section */
		AA396AEF1AB02DFE00A8757F /* Project object */ = {
			isa = PBXProject;
			attributes = {
				LastUpgradeCheck = 0620;
				ORGANIZATIONNAME = Yalantis;
				TargetAttributes = {
					AA396AF61AB02DFE00A8757F = {
						CreatedOnToolsVersion = 6.2;
						DevelopmentTeam = R7JGNRV2SS;
						SystemCapabilities = {
							com.apple.iCloud = {
								enabled = 1;
							};
						};
					};
					AA396B0F1AB02DFE00A8757F = {
						CreatedOnToolsVersion = 6.2;
						TestTargetID = AA396AF61AB02DFE00A8757F;
					};
				};
			};
			buildConfigurationList = AA396AF21AB02DFE00A8757F /* Build configuration list for PBXProject "CloudKit-demo" */;
			compatibilityVersion = "Xcode 3.2";
			developmentRegion = English;
			hasScannedForEncodings = 0;
			knownRegions = (
				en,
				Base,
			);
			mainGroup = AA396AEE1AB02DFE00A8757F;
			productRefGroup = AA396AF81AB02DFE00A8757F /* Products */;
			projectDirPath = "";
			projectRoot = "";
			targets = (
				AA396AF61AB02DFE00A8757F /* CloudKit-demo */,
				AA396B0F1AB02DFE00A8757F /* CloudKit-demoTests */,
			);
		};
/* End PBXProject section */

/* Begin PBXResourcesBuildPhase section */
		AA396AF51AB02DFE00A8757F /* Resources */ = {
			isa = PBXResourcesBuildPhase;
			buildActionMask = 2147483647;
			files = (
				AA50808F1ABAE294005F05AC /* London.png in Resources */,
				AA59A0AF1ABAE66700FAACB5 /* Images.xcassets in Resources */,
				AACCE7771AB70FAA00B27DEC /* Main.storyboard in Resources */,
				AA5080921ABAE294005F05AC /* Singapore.png in Resources */,
				AACCE7761AB70FAA00B27DEC /* LaunchScreen.xib in Resources */,
				AA18E3121AB989C900366168 /* Cities.plist in Resources */,
				AACCE7901AB752B400B27DEC /* CityTableViewCell.xib in Resources */,
				AA5080901ABAE294005F05AC /* NewYork.png in Resources */,
				AA50808E1ABAE294005F05AC /* Dubai.png in Resources */,
				AA5080911ABAE294005F05AC /* SanFrancisco.png in Resources */,
			);
			runOnlyForDeploymentPostprocessing = 0;
		};
		AA396B0E1AB02DFE00A8757F /* Resources */ = {
			isa = PBXResourcesBuildPhase;
			buildActionMask = 2147483647;
			files = (
			);
			runOnlyForDeploymentPostprocessing = 0;
		};
/* End PBXResourcesBuildPhase section */

/* Begin PBXSourcesBuildPhase section */
		AA396AF31AB02DFE00A8757F /* Sources */ = {
			isa = PBXSourcesBuildPhase;
			buildActionMask = 2147483647;
			files = (
				AACCE78A1AB72D8800B27DEC /* City.m in Sources */,
				AACCE77D1AB70FF600B27DEC /* AppDelegate.m in Sources */,
				AACCE78F1AB752B400B27DEC /* CityTableViewCell.m in Sources */,
				AACCE7861AB72A4F00B27DEC /* CloudKitManager.m in Sources */,
				AA18E31B1AB9C8AA00366168 /* MainViewController.m in Sources */,
				AA18E31A1AB9C8AA00366168 /* DetailedViewController.m in Sources */,
				AA396AFD1AB02DFE00A8757F /* main.m in Sources */,
				AA18E31E1AB9C94D00366168 /* SelectCitiesViewController.m in Sources */,
			);
			runOnlyForDeploymentPostprocessing = 0;
		};
		AA396B0C1AB02DFE00A8757F /* Sources */ = {
			isa = PBXSourcesBuildPhase;
			buildActionMask = 2147483647;
			files = (
				AA396B171AB02DFE00A8757F /* CloudKit_demoTests.m in Sources */,
			);
			runOnlyForDeploymentPostprocessing = 0;
		};
/* End PBXSourcesBuildPhase section */

/* Begin PBXTargetDependency section */
		AA396B121AB02DFE00A8757F /* PBXTargetDependency */ = {
			isa = PBXTargetDependency;
			target = AA396AF61AB02DFE00A8757F /* CloudKit-demo */;
			targetProxy = AA396B111AB02DFE00A8757F /* PBXContainerItemProxy */;
		};
/* End PBXTargetDependency section */

/* Begin XCBuildConfiguration section */
		AA396B181AB02DFE00A8757F /* Debug */ = {
			isa = XCBuildConfiguration;
			buildSettings = {
				ALWAYS_SEARCH_USER_PATHS = NO;
				CLANG_CXX_LANGUAGE_STANDARD = "gnu++0x";
				CLANG_CXX_LIBRARY = "libc++";
				CLANG_ENABLE_MODULES = YES;
				CLANG_ENABLE_OBJC_ARC = YES;
				CLANG_WARN_BOOL_CONVERSION = YES;
				CLANG_WARN_CONSTANT_CONVERSION = YES;
				CLANG_WARN_DIRECT_OBJC_ISA_USAGE = YES_ERROR;
				CLANG_WARN_EMPTY_BODY = YES;
				CLANG_WARN_ENUM_CONVERSION = YES;
				CLANG_WARN_INT_CONVERSION = YES;
				CLANG_WARN_OBJC_ROOT_CLASS = YES_ERROR;
				CLANG_WARN_UNREACHABLE_CODE = YES;
				CLANG_WARN__DUPLICATE_METHOD_MATCH = YES;
				"CODE_SIGN_IDENTITY[sdk=iphoneos*]" = "iPhone Developer";
				COPY_PHASE_STRIP = NO;
				ENABLE_STRICT_OBJC_MSGSEND = YES;
				GCC_C_LANGUAGE_STANDARD = gnu99;
				GCC_DYNAMIC_NO_PIC = NO;
				GCC_OPTIMIZATION_LEVEL = 0;
				GCC_PREPROCESSOR_DEFINITIONS = (
					"DEBUG=1",
					"$(inherited)",
				);
				GCC_SYMBOLS_PRIVATE_EXTERN = NO;
				GCC_WARN_64_TO_32_BIT_CONVERSION = YES;
				GCC_WARN_ABOUT_RETURN_TYPE = YES_ERROR;
				GCC_WARN_UNDECLARED_SELECTOR = YES;
				GCC_WARN_UNINITIALIZED_AUTOS = YES_AGGRESSIVE;
				GCC_WARN_UNUSED_FUNCTION = YES;
				GCC_WARN_UNUSED_VARIABLE = YES;
				IPHONEOS_DEPLOYMENT_TARGET = 8.2;
				MTL_ENABLE_DEBUG_INFO = YES;
				ONLY_ACTIVE_ARCH = YES;
				SDKROOT = iphoneos;
			};
			name = Debug;
		};
		AA396B191AB02DFE00A8757F /* Release */ = {
			isa = XCBuildConfiguration;
			buildSettings = {
				ALWAYS_SEARCH_USER_PATHS = NO;
				CLANG_CXX_LANGUAGE_STANDARD = "gnu++0x";
				CLANG_CXX_LIBRARY = "libc++";
				CLANG_ENABLE_MODULES = YES;
				CLANG_ENABLE_OBJC_ARC = YES;
				CLANG_WARN_BOOL_CONVERSION = YES;
				CLANG_WARN_CONSTANT_CONVERSION = YES;
				CLANG_WARN_DIRECT_OBJC_ISA_USAGE = YES_ERROR;
				CLANG_WARN_EMPTY_BODY = YES;
				CLANG_WARN_ENUM_CONVERSION = YES;
				CLANG_WARN_INT_CONVERSION = YES;
				CLANG_WARN_OBJC_ROOT_CLASS = YES_ERROR;
				CLANG_WARN_UNREACHABLE_CODE = YES;
				CLANG_WARN__DUPLICATE_METHOD_MATCH = YES;
				"CODE_SIGN_IDENTITY[sdk=iphoneos*]" = "iPhone Developer";
				COPY_PHASE_STRIP = NO;
				ENABLE_NS_ASSERTIONS = NO;
				ENABLE_STRICT_OBJC_MSGSEND = YES;
				GCC_C_LANGUAGE_STANDARD = gnu99;
				GCC_WARN_64_TO_32_BIT_CONVERSION = YES;
				GCC_WARN_ABOUT_RETURN_TYPE = YES_ERROR;
				GCC_WARN_UNDECLARED_SELECTOR = YES;
				GCC_WARN_UNINITIALIZED_AUTOS = YES_AGGRESSIVE;
				GCC_WARN_UNUSED_FUNCTION = YES;
				GCC_WARN_UNUSED_VARIABLE = YES;
				IPHONEOS_DEPLOYMENT_TARGET = 8.2;
				MTL_ENABLE_DEBUG_INFO = NO;
				SDKROOT = iphoneos;
				VALIDATE_PRODUCT = YES;
			};
			name = Release;
		};
		AA396B1B1AB02DFE00A8757F /* Debug */ = {
			isa = XCBuildConfiguration;
			buildSettings = {
				ASSETCATALOG_COMPILER_APPICON_NAME = AppIcon;
				ASSETCATALOG_COMPILER_LAUNCHIMAGE_NAME = LaunchImage;
				CODE_SIGN_ENTITLEMENTS = "CloudKit-demo/CloudKit-demo.entitlements";
				CODE_SIGN_IDENTITY = "iPhone Developer";
				"CODE_SIGN_IDENTITY[sdk=iphoneos*]" = "iPhone Developer";
				INFOPLIST_FILE = "CloudKit-demo/Info.plist";
				LD_RUNPATH_SEARCH_PATHS = "$(inherited) @executable_path/Frameworks";
				PRODUCT_NAME = "$(TARGET_NAME)";
				PROVISIONING_PROFILE = "";
			};
			name = Debug;
		};
		AA396B1C1AB02DFE00A8757F /* Release */ = {
			isa = XCBuildConfiguration;
			buildSettings = {
				ASSETCATALOG_COMPILER_APPICON_NAME = AppIcon;
				ASSETCATALOG_COMPILER_LAUNCHIMAGE_NAME = LaunchImage;
				CODE_SIGN_ENTITLEMENTS = "CloudKit-demo/CloudKit-demo.entitlements";
				CODE_SIGN_IDENTITY = "iPhone Developer";
				"CODE_SIGN_IDENTITY[sdk=iphoneos*]" = "iPhone Developer";
				INFOPLIST_FILE = "CloudKit-demo/Info.plist";
				LD_RUNPATH_SEARCH_PATHS = "$(inherited) @executable_path/Frameworks";
				PRODUCT_NAME = "$(TARGET_NAME)";
				PROVISIONING_PROFILE = "";
			};
			name = Release;
		};
		AA396B1E1AB02DFE00A8757F /* Debug */ = {
			isa = XCBuildConfiguration;
			buildSettings = {
				BUNDLE_LOADER = "$(TEST_HOST)";
				FRAMEWORK_SEARCH_PATHS = (
					"$(SDKROOT)/Developer/Library/Frameworks",
					"$(inherited)",
				);
				GCC_PREPROCESSOR_DEFINITIONS = (
					"DEBUG=1",
					"$(inherited)",
				);
				INFOPLIST_FILE = "CloudKit-demoTests/Info.plist";
				LD_RUNPATH_SEARCH_PATHS = "$(inherited) @executable_path/Frameworks @loader_path/Frameworks";
				PRODUCT_NAME = "$(TARGET_NAME)";
				TEST_HOST = "$(BUILT_PRODUCTS_DIR)/CloudKit-demo.app/CloudKit-demo";
			};
			name = Debug;
		};
		AA396B1F1AB02DFE00A8757F /* Release */ = {
			isa = XCBuildConfiguration;
			buildSettings = {
				BUNDLE_LOADER = "$(TEST_HOST)";
				FRAMEWORK_SEARCH_PATHS = (
					"$(SDKROOT)/Developer/Library/Frameworks",
					"$(inherited)",
				);
				INFOPLIST_FILE = "CloudKit-demoTests/Info.plist";
				LD_RUNPATH_SEARCH_PATHS = "$(inherited) @executable_path/Frameworks @loader_path/Frameworks";
				PRODUCT_NAME = "$(TARGET_NAME)";
				TEST_HOST = "$(BUILT_PRODUCTS_DIR)/CloudKit-demo.app/CloudKit-demo";
			};
			name = Release;
		};
/* End XCBuildConfiguration section */

/* Begin XCConfigurationList section */
		AA396AF21AB02DFE00A8757F /* Build configuration list for PBXProject "CloudKit-demo" */ = {
			isa = XCConfigurationList;
			buildConfigurations = (
				AA396B181AB02DFE00A8757F /* Debug */,
				AA396B191AB02DFE00A8757F /* Release */,
			);
			defaultConfigurationIsVisible = 0;
			defaultConfigurationName = Release;
		};
		AA396B1A1AB02DFE00A8757F /* Build configuration list for PBXNativeTarget "CloudKit-demo" */ = {
			isa = XCConfigurationList;
			buildConfigurations = (
				AA396B1B1AB02DFE00A8757F /* Debug */,
				AA396B1C1AB02DFE00A8757F /* Release */,
			);
			defaultConfigurationIsVisible = 0;
			defaultConfigurationName = Release;
		};
		AA396B1D1AB02DFE00A8757F /* Build configuration list for PBXNativeTarget "CloudKit-demoTests" */ = {
			isa = XCConfigurationList;
			buildConfigurations = (
				AA396B1E1AB02DFE00A8757F /* Debug */,
				AA396B1F1AB02DFE00A8757F /* Release */,
			);
			defaultConfigurationIsVisible = 0;
			defaultConfigurationName = Release;
		};
/* End XCConfigurationList section */
	};
	rootObject = AA396AEF1AB02DFE00A8757F /* Project object */;
}
